# This file is generated by running "yarn install" inside your project.
# Manual changes might be lost - proceed with caution!

__metadata:
  version: 8
  cacheKey: 10c0

"@borewit/text-codec@npm:^0.1.0":
  version: 0.1.1
  resolution: "@borewit/text-codec@npm:0.1.1"
  checksum: 10c0/c92606b355111053f9db47d485c8679cc09a5be0eb2738aad5b922d3744465f2fce47144ffb27d5106fa431d1d2e5a2e0140d0a22351dccf49693098702c0274
  languageName: node
  linkType: hard

"@napi-rs/nice-android-arm-eabi@npm:1.1.1":
  version: 1.1.1
  resolution: "@napi-rs/nice-android-arm-eabi@npm:1.1.1"
  conditions: os=android & cpu=arm
  languageName: node
  linkType: hard

"@napi-rs/nice-android-arm64@npm:1.1.1":
  version: 1.1.1
  resolution: "@napi-rs/nice-android-arm64@npm:1.1.1"
  conditions: os=android & cpu=arm64
  languageName: node
  linkType: hard

"@napi-rs/nice-darwin-arm64@npm:1.1.1":
  version: 1.1.1
  resolution: "@napi-rs/nice-darwin-arm64@npm:1.1.1"
  conditions: os=darwin & cpu=arm64
  languageName: node
  linkType: hard

"@napi-rs/nice-darwin-x64@npm:1.1.1":
  version: 1.1.1
  resolution: "@napi-rs/nice-darwin-x64@npm:1.1.1"
  conditions: os=darwin & cpu=x64
  languageName: node
  linkType: hard

"@napi-rs/nice-freebsd-x64@npm:1.1.1":
  version: 1.1.1
  resolution: "@napi-rs/nice-freebsd-x64@npm:1.1.1"
  conditions: os=freebsd & cpu=x64
  languageName: node
  linkType: hard

"@napi-rs/nice-linux-arm-gnueabihf@npm:1.1.1":
  version: 1.1.1
  resolution: "@napi-rs/nice-linux-arm-gnueabihf@npm:1.1.1"
  conditions: os=linux & cpu=arm
  languageName: node
  linkType: hard

"@napi-rs/nice-linux-arm64-gnu@npm:1.1.1":
  version: 1.1.1
  resolution: "@napi-rs/nice-linux-arm64-gnu@npm:1.1.1"
  conditions: os=linux & cpu=arm64 & libc=glibc
  languageName: node
  linkType: hard

"@napi-rs/nice-linux-arm64-musl@npm:1.1.1":
  version: 1.1.1
  resolution: "@napi-rs/nice-linux-arm64-musl@npm:1.1.1"
  conditions: os=linux & cpu=arm64 & libc=musl
  languageName: node
  linkType: hard

"@napi-rs/nice-linux-ppc64-gnu@npm:1.1.1":
  version: 1.1.1
  resolution: "@napi-rs/nice-linux-ppc64-gnu@npm:1.1.1"
  conditions: os=linux & cpu=ppc64 & libc=glibc
  languageName: node
  linkType: hard

"@napi-rs/nice-linux-riscv64-gnu@npm:1.1.1":
  version: 1.1.1
  resolution: "@napi-rs/nice-linux-riscv64-gnu@npm:1.1.1"
  conditions: os=linux & cpu=riscv64 & libc=glibc
  languageName: node
  linkType: hard

"@napi-rs/nice-linux-s390x-gnu@npm:1.1.1":
  version: 1.1.1
  resolution: "@napi-rs/nice-linux-s390x-gnu@npm:1.1.1"
  conditions: os=linux & cpu=s390x & libc=glibc
  languageName: node
  linkType: hard

"@napi-rs/nice-linux-x64-gnu@npm:1.1.1":
  version: 1.1.1
  resolution: "@napi-rs/nice-linux-x64-gnu@npm:1.1.1"
  conditions: os=linux & cpu=x64 & libc=glibc
  languageName: node
  linkType: hard

"@napi-rs/nice-linux-x64-musl@npm:1.1.1":
  version: 1.1.1
  resolution: "@napi-rs/nice-linux-x64-musl@npm:1.1.1"
  conditions: os=linux & cpu=x64 & libc=musl
  languageName: node
  linkType: hard

"@napi-rs/nice-openharmony-arm64@npm:1.1.1":
  version: 1.1.1
  resolution: "@napi-rs/nice-openharmony-arm64@npm:1.1.1"
  conditions: os=openharmony & cpu=arm64
  languageName: node
  linkType: hard

"@napi-rs/nice-win32-arm64-msvc@npm:1.1.1":
  version: 1.1.1
  resolution: "@napi-rs/nice-win32-arm64-msvc@npm:1.1.1"
  conditions: os=win32 & cpu=arm64
  languageName: node
  linkType: hard

"@napi-rs/nice-win32-ia32-msvc@npm:1.1.1":
  version: 1.1.1
  resolution: "@napi-rs/nice-win32-ia32-msvc@npm:1.1.1"
  conditions: os=win32 & cpu=ia32
  languageName: node
  linkType: hard

"@napi-rs/nice-win32-x64-msvc@npm:1.1.1":
  version: 1.1.1
  resolution: "@napi-rs/nice-win32-x64-msvc@npm:1.1.1"
  conditions: os=win32 & cpu=x64
  languageName: node
  linkType: hard

"@napi-rs/nice@npm:^1.0.1":
  version: 1.1.1
  resolution: "@napi-rs/nice@npm:1.1.1"
  dependencies:
    "@napi-rs/nice-android-arm-eabi": "npm:1.1.1"
    "@napi-rs/nice-android-arm64": "npm:1.1.1"
    "@napi-rs/nice-darwin-arm64": "npm:1.1.1"
    "@napi-rs/nice-darwin-x64": "npm:1.1.1"
    "@napi-rs/nice-freebsd-x64": "npm:1.1.1"
    "@napi-rs/nice-linux-arm-gnueabihf": "npm:1.1.1"
    "@napi-rs/nice-linux-arm64-gnu": "npm:1.1.1"
    "@napi-rs/nice-linux-arm64-musl": "npm:1.1.1"
    "@napi-rs/nice-linux-ppc64-gnu": "npm:1.1.1"
    "@napi-rs/nice-linux-riscv64-gnu": "npm:1.1.1"
    "@napi-rs/nice-linux-s390x-gnu": "npm:1.1.1"
    "@napi-rs/nice-linux-x64-gnu": "npm:1.1.1"
    "@napi-rs/nice-linux-x64-musl": "npm:1.1.1"
    "@napi-rs/nice-openharmony-arm64": "npm:1.1.1"
    "@napi-rs/nice-win32-arm64-msvc": "npm:1.1.1"
    "@napi-rs/nice-win32-ia32-msvc": "npm:1.1.1"
    "@napi-rs/nice-win32-x64-msvc": "npm:1.1.1"
  dependenciesMeta:
    "@napi-rs/nice-android-arm-eabi":
      optional: true
    "@napi-rs/nice-android-arm64":
      optional: true
    "@napi-rs/nice-darwin-arm64":
      optional: true
    "@napi-rs/nice-darwin-x64":
      optional: true
    "@napi-rs/nice-freebsd-x64":
      optional: true
    "@napi-rs/nice-linux-arm-gnueabihf":
      optional: true
    "@napi-rs/nice-linux-arm64-gnu":
      optional: true
    "@napi-rs/nice-linux-arm64-musl":
      optional: true
    "@napi-rs/nice-linux-ppc64-gnu":
      optional: true
    "@napi-rs/nice-linux-riscv64-gnu":
      optional: true
    "@napi-rs/nice-linux-s390x-gnu":
      optional: true
    "@napi-rs/nice-linux-x64-gnu":
      optional: true
    "@napi-rs/nice-linux-x64-musl":
      optional: true
    "@napi-rs/nice-openharmony-arm64":
      optional: true
    "@napi-rs/nice-win32-arm64-msvc":
      optional: true
    "@napi-rs/nice-win32-ia32-msvc":
      optional: true
    "@napi-rs/nice-win32-x64-msvc":
      optional: true
  checksum: 10c0/517eacfd5d5de191f1469a6caad9f9e26924b25079550149fc792fb09d15184013a8a81966a666f08c0a93fbb17a458d50ba9e2e9d6a61141c6c515d083733b2
  languageName: node
  linkType: hard

"@sindresorhus/is@npm:^5.2.0":
  version: 5.6.0
  resolution: "@sindresorhus/is@npm:5.6.0"
  checksum: 10c0/66727344d0c92edde5760b5fd1f8092b717f2298a162a5f7f29e4953e001479927402d9d387e245fb9dc7d3b37c72e335e93ed5875edfc5203c53be8ecba1b52
  languageName: node
  linkType: hard

"@swc/cli@npm:^0.7.8":
  version: 0.7.8
  resolution: "@swc/cli@npm:0.7.8"
  dependencies:
    "@swc/counter": "npm:^0.1.3"
    "@xhmikosr/bin-wrapper": "npm:^13.0.5"
    commander: "npm:^8.3.0"
    minimatch: "npm:^9.0.3"
    piscina: "npm:^4.3.1"
    semver: "npm:^7.3.8"
    slash: "npm:3.0.0"
    source-map: "npm:^0.7.3"
    tinyglobby: "npm:^0.2.13"
  peerDependencies:
    "@swc/core": ^1.2.66
    chokidar: ^4.0.1
  peerDependenciesMeta:
    chokidar:
      optional: true
  bin:
    spack: bin/spack.js
    swc: bin/swc.js
    swcx: bin/swcx.js
  checksum: 10c0/b31380414800ae6820b228efb602083e7bcaf6e9d468011b211bb6b4f85a164fe96bfae54a16d8e8741a8d84e0a428a3750242b2ef8abc7dee50ae3e3d2fe5b9
  languageName: node
  linkType: hard

"@swc/core-darwin-arm64@npm:1.13.5":
  version: 1.13.5
  resolution: "@swc/core-darwin-arm64@npm:1.13.5"
  conditions: os=darwin & cpu=arm64
  languageName: node
  linkType: hard

"@swc/core-darwin-x64@npm:1.13.5":
  version: 1.13.5
  resolution: "@swc/core-darwin-x64@npm:1.13.5"
  conditions: os=darwin & cpu=x64
  languageName: node
  linkType: hard

"@swc/core-linux-arm-gnueabihf@npm:1.13.5":
  version: 1.13.5
  resolution: "@swc/core-linux-arm-gnueabihf@npm:1.13.5"
  conditions: os=linux & cpu=arm
  languageName: node
  linkType: hard

"@swc/core-linux-arm64-gnu@npm:1.13.5":
  version: 1.13.5
  resolution: "@swc/core-linux-arm64-gnu@npm:1.13.5"
  conditions: os=linux & cpu=arm64 & libc=glibc
  languageName: node
  linkType: hard

"@swc/core-linux-arm64-musl@npm:1.13.5":
  version: 1.13.5
  resolution: "@swc/core-linux-arm64-musl@npm:1.13.5"
  conditions: os=linux & cpu=arm64 & libc=musl
  languageName: node
  linkType: hard

"@swc/core-linux-x64-gnu@npm:1.13.5":
  version: 1.13.5
  resolution: "@swc/core-linux-x64-gnu@npm:1.13.5"
  conditions: os=linux & cpu=x64 & libc=glibc
  languageName: node
  linkType: hard

"@swc/core-linux-x64-musl@npm:1.13.5":
  version: 1.13.5
  resolution: "@swc/core-linux-x64-musl@npm:1.13.5"
  conditions: os=linux & cpu=x64 & libc=musl
  languageName: node
  linkType: hard

"@swc/core-win32-arm64-msvc@npm:1.13.5":
  version: 1.13.5
  resolution: "@swc/core-win32-arm64-msvc@npm:1.13.5"
  conditions: os=win32 & cpu=arm64
  languageName: node
  linkType: hard

"@swc/core-win32-ia32-msvc@npm:1.13.5":
  version: 1.13.5
  resolution: "@swc/core-win32-ia32-msvc@npm:1.13.5"
  conditions: os=win32 & cpu=ia32
  languageName: node
  linkType: hard

"@swc/core-win32-x64-msvc@npm:1.13.5":
  version: 1.13.5
  resolution: "@swc/core-win32-x64-msvc@npm:1.13.5"
  conditions: os=win32 & cpu=x64
  languageName: node
  linkType: hard

"@swc/core@npm:^1.13.5":
  version: 1.13.5
  resolution: "@swc/core@npm:1.13.5"
  dependencies:
    "@swc/core-darwin-arm64": "npm:1.13.5"
    "@swc/core-darwin-x64": "npm:1.13.5"
    "@swc/core-linux-arm-gnueabihf": "npm:1.13.5"
    "@swc/core-linux-arm64-gnu": "npm:1.13.5"
    "@swc/core-linux-arm64-musl": "npm:1.13.5"
    "@swc/core-linux-x64-gnu": "npm:1.13.5"
    "@swc/core-linux-x64-musl": "npm:1.13.5"
    "@swc/core-win32-arm64-msvc": "npm:1.13.5"
    "@swc/core-win32-ia32-msvc": "npm:1.13.5"
    "@swc/core-win32-x64-msvc": "npm:1.13.5"
    "@swc/counter": "npm:^0.1.3"
    "@swc/types": "npm:^0.1.24"
  peerDependencies:
    "@swc/helpers": ">=0.5.17"
  dependenciesMeta:
    "@swc/core-darwin-arm64":
      optional: true
    "@swc/core-darwin-x64":
      optional: true
    "@swc/core-linux-arm-gnueabihf":
      optional: true
    "@swc/core-linux-arm64-gnu":
      optional: true
    "@swc/core-linux-arm64-musl":
      optional: true
    "@swc/core-linux-x64-gnu":
      optional: true
    "@swc/core-linux-x64-musl":
      optional: true
    "@swc/core-win32-arm64-msvc":
      optional: true
    "@swc/core-win32-ia32-msvc":
      optional: true
    "@swc/core-win32-x64-msvc":
      optional: true
  peerDependenciesMeta:
    "@swc/helpers":
      optional: true
  checksum: 10c0/26efc58d2b154050a4d75b215007e2780fc02ccdd35168746e818ef58009201878d5fbe0e074ed2902858c447fd8806e52c03dd05c20ba8501573f57ef34c3be
  languageName: node
  linkType: hard

"@swc/counter@npm:^0.1.3":
  version: 0.1.3
  resolution: "@swc/counter@npm:0.1.3"
  checksum: 10c0/8424f60f6bf8694cfd2a9bca45845bce29f26105cda8cf19cdb9fd3e78dc6338699e4db77a89ae449260bafa1cc6bec307e81e7fb96dbf7dcfce0eea55151356
  languageName: node
  linkType: hard

"@swc/types@npm:^0.1.24":
  version: 0.1.25
  resolution: "@swc/types@npm:0.1.25"
  dependencies:
    "@swc/counter": "npm:^0.1.3"
  checksum: 10c0/847a5b20b131281f89d640a7ed4887fb65724807d53d334b230e84b98c21097aa10cd28a074f9ed287a6ce109e443dd4bafbe7dcfb62333d7806c4ea3e7f8aca
  languageName: node
  linkType: hard

"@szmarczak/http-timer@npm:^5.0.1":
  version: 5.0.1
  resolution: "@szmarczak/http-timer@npm:5.0.1"
  dependencies:
    defer-to-connect: "npm:^2.0.1"
  checksum: 10c0/4629d2fbb2ea67c2e9dc03af235c0991c79ebdddcbc19aed5d5732fb29ce01c13331e9b1a491584b9069bd6ecde6581dcbf871f11b7eefdebbab34de6cf2197e
  languageName: node
  linkType: hard

"@tokenizer/inflate@npm:^0.2.6":
  version: 0.2.7
  resolution: "@tokenizer/inflate@npm:0.2.7"
  dependencies:
    debug: "npm:^4.4.0"
    fflate: "npm:^0.8.2"
    token-types: "npm:^6.0.0"
  checksum: 10c0/75bd0c510810dfd62be9d963216b5852cde021e1f8aab43b37662bc6aa75e65fd7277fcab7d463186b55cee36a5b61129916161bdb2a7d18064016156c7daf4f
  languageName: node
  linkType: hard

"@tokenizer/token@npm:^0.3.0":
  version: 0.3.0
  resolution: "@tokenizer/token@npm:0.3.0"
  checksum: 10c0/7ab9a822d4b5ff3f5bca7f7d14d46bdd8432528e028db4a52be7fbf90c7f495cc1af1324691dda2813c6af8dc4b8eb29de3107d4508165f9aa5b53e7d501f155
  languageName: node
  linkType: hard

"@types/http-cache-semantics@npm:^4.0.2":
  version: 4.0.4
  resolution: "@types/http-cache-semantics@npm:4.0.4"
  checksum: 10c0/51b72568b4b2863e0fe8d6ce8aad72a784b7510d72dc866215642da51d84945a9459fa89f49ec48f1e9a1752e6a78e85a4cda0ded06b1c73e727610c925f9ce6
  languageName: node
  linkType: hard

"@xhmikosr/archive-type@npm:^7.1.0":
  version: 7.1.0
  resolution: "@xhmikosr/archive-type@npm:7.1.0"
  dependencies:
    file-type: "npm:^20.5.0"
  checksum: 10c0/10e36dd8d4e8522d4e935820ba676e5125dbbe86360314bf67369bf5590c52663a32d38a0a31654a23fb7f92accd457847f19779e1069a790c16b5b51b198843
  languageName: node
  linkType: hard

"@xhmikosr/bin-check@npm:^7.1.0":
  version: 7.1.0
  resolution: "@xhmikosr/bin-check@npm:7.1.0"
  dependencies:
    execa: "npm:^5.1.1"
    isexe: "npm:^2.0.0"
  checksum: 10c0/c609f9eae93774b49f15b38189b05253fd628c5f35e305bb06b509f7b12ab667ea2b68fb60ff0563283a1f3e35994023dc02393876e6f29a11a1640a805e5413
  languageName: node
  linkType: hard

"@xhmikosr/bin-wrapper@npm:^13.0.5":
  version: 13.2.0
  resolution: "@xhmikosr/bin-wrapper@npm:13.2.0"
  dependencies:
    "@xhmikosr/bin-check": "npm:^7.1.0"
    "@xhmikosr/downloader": "npm:^15.2.0"
    "@xhmikosr/os-filter-obj": "npm:^3.0.0"
    bin-version-check: "npm:^5.1.0"
  checksum: 10c0/d20361b314d506f4b8d69e192f13438e2cd8f7b222f94693664234c8d9816d0044c000e38f7c11dd0c6681b846b0ab2072a37fe1e42e6f253101e3d144ad6d3c
  languageName: node
  linkType: hard

"@xhmikosr/decompress-tar@npm:^8.0.1, @xhmikosr/decompress-tar@npm:^8.1.0":
  version: 8.1.0
  resolution: "@xhmikosr/decompress-tar@npm:8.1.0"
  dependencies:
    file-type: "npm:^20.5.0"
    is-stream: "npm:^2.0.1"
    tar-stream: "npm:^3.1.7"
  checksum: 10c0/d0ec69b0304780202890ccec82f1ce20f1483c7de085c546d18b9960d21f7cf8b8932d8707fce53f6bb7a8b585e6c76f1281762e0b6a0481380c0a321ba6e6e6
  languageName: node
  linkType: hard

"@xhmikosr/decompress-tarbz2@npm:^8.1.0":
  version: 8.1.0
  resolution: "@xhmikosr/decompress-tarbz2@npm:8.1.0"
  dependencies:
    "@xhmikosr/decompress-tar": "npm:^8.0.1"
    file-type: "npm:^20.5.0"
    is-stream: "npm:^2.0.1"
    seek-bzip: "npm:^2.0.0"
    unbzip2-stream: "npm:^1.4.3"
  checksum: 10c0/87c23631d99ca2f51b2f34c79a5a3db6812598bcd39eb9f15f77112eae16ac36ea43907a1fd0acdc83b64a85ed4273d7a321f44cc3a3ca842c533b433e3c97a5
  languageName: node
  linkType: hard

"@xhmikosr/decompress-targz@npm:^8.1.0":
  version: 8.1.0
  resolution: "@xhmikosr/decompress-targz@npm:8.1.0"
  dependencies:
    "@xhmikosr/decompress-tar": "npm:^8.0.1"
    file-type: "npm:^20.5.0"
    is-stream: "npm:^2.0.1"
  checksum: 10c0/6de5215a8197d0321db919b8ad89dd050f2fc90fbfd4e2392183d0a9a9aaa855633074ece1dd1e270f63965d7733ff0b7a9a8105235cb7f6f90c255455094154
  languageName: node
  linkType: hard

"@xhmikosr/decompress-unzip@npm:^7.1.0":
  version: 7.1.0
  resolution: "@xhmikosr/decompress-unzip@npm:7.1.0"
  dependencies:
    file-type: "npm:^20.5.0"
    get-stream: "npm:^6.0.1"
    yauzl: "npm:^3.1.2"
  checksum: 10c0/3583916ae1316a4250c5f5774276439a1170c8c90c92c9642ff28c2cc443cb8060707dc27ec57065cb19c699aea006d5c3dd9179f901113517bceb7b73d58c57
  languageName: node
  linkType: hard

"@xhmikosr/decompress@npm:^10.2.0":
  version: 10.2.0
  resolution: "@xhmikosr/decompress@npm:10.2.0"
  dependencies:
    "@xhmikosr/decompress-tar": "npm:^8.1.0"
    "@xhmikosr/decompress-tarbz2": "npm:^8.1.0"
    "@xhmikosr/decompress-targz": "npm:^8.1.0"
    "@xhmikosr/decompress-unzip": "npm:^7.1.0"
    graceful-fs: "npm:^4.2.11"
    strip-dirs: "npm:^3.0.0"
  checksum: 10c0/d4af98c3a91d913dd210591c23b081d179ec07fcfd3ced2fe884b17ea315bcc7b2e7e0cb66e1ab04c5a85cde46c32f955692dcd7735b876a83008df1ffbb88a8
  languageName: node
  linkType: hard

"@xhmikosr/downloader@npm:^15.2.0":
  version: 15.2.0
  resolution: "@xhmikosr/downloader@npm:15.2.0"
  dependencies:
    "@xhmikosr/archive-type": "npm:^7.1.0"
    "@xhmikosr/decompress": "npm:^10.2.0"
    content-disposition: "npm:^0.5.4"
    defaults: "npm:^2.0.2"
    ext-name: "npm:^5.0.0"
    file-type: "npm:^20.5.0"
    filenamify: "npm:^6.0.0"
    get-stream: "npm:^6.0.1"
    got: "npm:^13.0.0"
  checksum: 10c0/b5ff18c00ab5163c1215d27f49ca0319b2153aafd22c43e1bb19c4460d52ecb50c71eb4e7b6eba491adeab5920f4154b8a57c7a2893cf0ae4f3d868363391a5e
  languageName: node
  linkType: hard

"@xhmikosr/os-filter-obj@npm:^3.0.0":
  version: 3.0.0
  resolution: "@xhmikosr/os-filter-obj@npm:3.0.0"
  dependencies:
    arch: "npm:^3.0.0"
  checksum: 10c0/e4f774ef8d36144b53749f02b602494653442379582756546415c05a5094f79931521cc0c430ab9f824a83a500ca64b8dd560e9f9b31e967bb608d2418050592
  languageName: node
  linkType: hard

"arch@npm:^3.0.0":
  version: 3.0.0
  resolution: "arch@npm:3.0.0"
  checksum: 10c0/abefcc6738a29632a2b48e7f5910f42fb26d2e2f9c6954cac80b6bdfc4048685c604ef8eb3fd862a7c0884785b20a66a1b44e2ba4b628fd34b80a0cc6a5a0493
  languageName: node
  linkType: hard

"b4a@npm:^1.6.4":
  version: 1.7.3
  resolution: "b4a@npm:1.7.3"
  peerDependencies:
    react-native-b4a: "*"
  peerDependenciesMeta:
    react-native-b4a:
      optional: true
  checksum: 10c0/ac16d186e00fa0d16de1f1a4af413953bc762d50d5a0e382aaa744a13886600313b7293403ad77fc83f6b1489c3fc2610494d1026754a51d1b7cdac2115a7598
  languageName: node
  linkType: hard

"balanced-match@npm:^1.0.0":
  version: 1.0.2
  resolution: "balanced-match@npm:1.0.2"
  checksum: 10c0/9308baf0a7e4838a82bbfd11e01b1cb0f0cf2893bc1676c27c2a8c0e70cbae1c59120c3268517a8ae7fb6376b4639ef81ca22582611dbee4ed28df945134aaee
  languageName: node
  linkType: hard

"bare-events@npm:^2.7.0":
  version: 2.8.0
  resolution: "bare-events@npm:2.8.0"
  peerDependencies:
    bare-abort-controller: "*"
  peerDependenciesMeta:
    bare-abort-controller:
      optional: true
  checksum: 10c0/fb65fd7d3707289e22313174f1f8f675987df0820e7fc51ea6c33fa5b33d2a71a3c336f335eb70008b62fd791858e24b39138df269cd26bbbbde76e61a10ba30
  languageName: node
  linkType: hard

"base64-js@npm:^1.3.1":
  version: 1.5.1
  resolution: "base64-js@npm:1.5.1"
  checksum: 10c0/f23823513b63173a001030fae4f2dabe283b99a9d324ade3ad3d148e218134676f1ee8568c877cd79ec1c53158dcf2d2ba527a97c606618928ba99dd930102bf
  languageName: node
  linkType: hard

"bin-version-check@npm:^5.1.0":
  version: 5.1.0
  resolution: "bin-version-check@npm:5.1.0"
  dependencies:
    bin-version: "npm:^6.0.0"
    semver: "npm:^7.5.3"
    semver-truncate: "npm:^3.0.0"
  checksum: 10c0/f2a855b53b41e7200ab10fe6981fbd564430c2d58f7ae48cf71fe74b0071b802963efc0fa11fa066c0116057e8072e0a7cd63e2dae79283e37cc444a023116b4
  languageName: node
  linkType: hard

"bin-version@npm:^6.0.0":
  version: 6.0.0
  resolution: "bin-version@npm:6.0.0"
  dependencies:
    execa: "npm:^5.0.0"
    find-versions: "npm:^5.0.0"
  checksum: 10c0/e06083cdeb056910009740687ae9ba3175d42c72082408d4c5cb88c91fa102d5a8aef9112c127e94c3b48b611ce048abef390a9b8376521e42541635dbd3c506
  languageName: node
  linkType: hard

"brace-expansion@npm:^2.0.1":
  version: 2.0.2
  resolution: "brace-expansion@npm:2.0.2"
  dependencies:
    balanced-match: "npm:^1.0.0"
  checksum: 10c0/6d117a4c793488af86b83172deb6af143e94c17bc53b0b3cec259733923b4ca84679d506ac261f4ba3c7ed37c46018e2ff442f9ce453af8643ecd64f4a54e6cf
  languageName: node
  linkType: hard

"buffer-crc32@npm:~0.2.3":
  version: 0.2.13
  resolution: "buffer-crc32@npm:0.2.13"
  checksum: 10c0/cb0a8ddf5cf4f766466db63279e47761eb825693eeba6a5a95ee4ec8cb8f81ede70aa7f9d8aeec083e781d47154290eb5d4d26b3f7a465ec57fb9e7d59c47150
  languageName: node
  linkType: hard

"buffer@npm:^5.2.1":
  version: 5.7.1
  resolution: "buffer@npm:5.7.1"
  dependencies:
    base64-js: "npm:^1.3.1"
    ieee754: "npm:^1.1.13"
  checksum: 10c0/27cac81cff434ed2876058d72e7c4789d11ff1120ef32c9de48f59eab58179b66710c488987d295ae89a228f835fc66d088652dffeb8e3ba8659f80eb091d55e
  languageName: node
  linkType: hard

"cacheable-lookup@npm:^7.0.0":
  version: 7.0.0
  resolution: "cacheable-lookup@npm:7.0.0"
  checksum: 10c0/63a9c144c5b45cb5549251e3ea774c04d63063b29e469f7584171d059d3a88f650f47869a974e2d07de62116463d742c287a81a625e791539d987115cb081635
  languageName: node
  linkType: hard

"cacheable-request@npm:^10.2.8":
  version: 10.2.14
  resolution: "cacheable-request@npm:10.2.14"
  dependencies:
    "@types/http-cache-semantics": "npm:^4.0.2"
    get-stream: "npm:^6.0.1"
    http-cache-semantics: "npm:^4.1.1"
    keyv: "npm:^4.5.3"
    mimic-response: "npm:^4.0.0"
    normalize-url: "npm:^8.0.0"
    responselike: "npm:^3.0.0"
  checksum: 10c0/41b6658db369f20c03128227ecd219ca7ac52a9d24fc0f499cc9aa5d40c097b48b73553504cebd137024d957c0ddb5b67cf3ac1439b136667f3586257763f88d
  languageName: node
  linkType: hard

"commander@npm:^6.0.0":
  version: 6.2.1
  resolution: "commander@npm:6.2.1"
  checksum: 10c0/85748abd9d18c8bc88febed58b98f66b7c591d9b5017cad459565761d7b29ca13b7783ea2ee5ce84bf235897333706c4ce29adf1ce15c8252780e7000e2ce9ea
  languageName: node
  linkType: hard

"commander@npm:^8.3.0":
  version: 8.3.0
  resolution: "commander@npm:8.3.0"
  checksum: 10c0/8b043bb8322ea1c39664a1598a95e0495bfe4ca2fad0d84a92d7d1d8d213e2a155b441d2470c8e08de7c4a28cf2bc6e169211c49e1b21d9f7edc6ae4d9356060
  languageName: node
  linkType: hard

"content-disposition@npm:^0.5.4":
  version: 0.5.4
  resolution: "content-disposition@npm:0.5.4"
  dependencies:
    safe-buffer: "npm:5.2.1"
  checksum: 10c0/bac0316ebfeacb8f381b38285dc691c9939bf0a78b0b7c2d5758acadad242d04783cee5337ba7d12a565a19075af1b3c11c728e1e4946de73c6ff7ce45f3f1bb
  languageName: node
  linkType: hard

"cross-spawn@npm:^7.0.3":
  version: 7.0.6
  resolution: "cross-spawn@npm:7.0.6"
  dependencies:
    path-key: "npm:^3.1.0"
    shebang-command: "npm:^2.0.0"
    which: "npm:^2.0.1"
  checksum: 10c0/053ea8b2135caff68a9e81470e845613e374e7309a47731e81639de3eaeb90c3d01af0e0b44d2ab9d50b43467223b88567dfeb3262db942dc063b9976718ffc1
  languageName: node
  linkType: hard

"debug@npm:^4.4.0":
  version: 4.4.3
  resolution: "debug@npm:4.4.3"
  dependencies:
    ms: "npm:^2.1.3"
  peerDependenciesMeta:
    supports-color:
      optional: true
  checksum: 10c0/d79136ec6c83ecbefd0f6a5593da6a9c91ec4d7ddc4b54c883d6e71ec9accb5f67a1a5e96d00a328196b5b5c86d365e98d8a3a70856aaf16b4e7b1985e67f5a6
  languageName: node
  linkType: hard

"decompress-response@npm:^6.0.0":
  version: 6.0.0
  resolution: "decompress-response@npm:6.0.0"
  dependencies:
    mimic-response: "npm:^3.1.0"
  checksum: 10c0/bd89d23141b96d80577e70c54fb226b2f40e74a6817652b80a116d7befb8758261ad073a8895648a29cc0a5947021ab66705cb542fa9c143c82022b27c5b175e
  languageName: node
  linkType: hard

"defaults@npm:^2.0.2":
  version: 2.0.2
  resolution: "defaults@npm:2.0.2"
  checksum: 10c0/3c10658b31cd388fde654a95bd37f69e95f199887cc2386031bd8ae0964f0af22d8ef221c4d4737cca38358be4a606f69f20bd3bb604afa6328f72b4e2a217a6
  languageName: node
  linkType: hard

"defer-to-connect@npm:^2.0.1":
  version: 2.0.1
  resolution: "defer-to-connect@npm:2.0.1"
  checksum: 10c0/625ce28e1b5ad10cf77057b9a6a727bf84780c17660f6644dab61dd34c23de3001f03cedc401f7d30a4ed9965c2e8a7336e220a329146f2cf85d4eddea429782
  languageName: node
  linkType: hard

"events-universal@npm:^1.0.0":
  version: 1.0.1
  resolution: "events-universal@npm:1.0.1"
  dependencies:
    bare-events: "npm:^2.7.0"
  checksum: 10c0/a1d9a5e9f95843650f8ec240dd1221454c110189a9813f32cdf7185759b43f1f964367ac7dca4ebc69150b59043f2d77c7e122b0d03abf7c25477ea5494785a5
  languageName: node
  linkType: hard

"execa@npm:^5.0.0, execa@npm:^5.1.1":
  version: 5.1.1
  resolution: "execa@npm:5.1.1"
  dependencies:
    cross-spawn: "npm:^7.0.3"
    get-stream: "npm:^6.0.0"
    human-signals: "npm:^2.1.0"
    is-stream: "npm:^2.0.0"
    merge-stream: "npm:^2.0.0"
    npm-run-path: "npm:^4.0.1"
    onetime: "npm:^5.1.2"
    signal-exit: "npm:^3.0.3"
    strip-final-newline: "npm:^2.0.0"
  checksum: 10c0/c8e615235e8de4c5addf2fa4c3da3e3aa59ce975a3e83533b4f6a71750fb816a2e79610dc5f1799b6e28976c9ae86747a36a606655bf8cb414a74d8d507b304f
  languageName: node
  linkType: hard

"ext-list@npm:^2.0.0":
  version: 2.2.2
  resolution: "ext-list@npm:2.2.2"
  dependencies:
    mime-db: "npm:^1.28.0"
  checksum: 10c0/bfdb435f333dccbf3f9698dc9d8e38eb47b42d756800bfafa9ec0c1c8aace877c40095baf36f691bcfd09bb88ed247c6e51596e75a158280fa19cf8588a7e258
  languageName: node
  linkType: hard

"ext-name@npm:^5.0.0":
  version: 5.0.0
  resolution: "ext-name@npm:5.0.0"
  dependencies:
    ext-list: "npm:^2.0.0"
    sort-keys-length: "npm:^1.0.0"
  checksum: 10c0/6750b34636bb6dca78e1bcc797615af68ecf50d62cf774624a32ee7879da99c949b5c41e8aa56ede4eb15c6abad6b1a8858d0934faab75ff6e2fd6f408debe18
  languageName: node
  linkType: hard

"fast-fifo@npm:^1.2.0, fast-fifo@npm:^1.3.2":
  version: 1.3.2
  resolution: "fast-fifo@npm:1.3.2"
  checksum: 10c0/d53f6f786875e8b0529f784b59b4b05d4b5c31c651710496440006a398389a579c8dbcd2081311478b5bf77f4b0b21de69109c5a4eabea9d8e8783d1eb864e4c
  languageName: node
  linkType: hard

"fdir@npm:^6.5.0":
  version: 6.5.0
  resolution: "fdir@npm:6.5.0"
  peerDependencies:
    picomatch: ^3 || ^4
  peerDependenciesMeta:
    picomatch:
      optional: true
  checksum: 10c0/e345083c4306b3aed6cb8ec551e26c36bab5c511e99ea4576a16750ddc8d3240e63826cc624f5ae17ad4dc82e68a253213b60d556c11bfad064b7607847ed07f
  languageName: node
  linkType: hard

"fflate@npm:^0.8.2":
  version: 0.8.2
  resolution: "fflate@npm:0.8.2"
  checksum: 10c0/03448d630c0a583abea594835a9fdb2aaf7d67787055a761515bf4ed862913cfd693b4c4ffd5c3f3b355a70cf1e19033e9ae5aedcca103188aaff91b8bd6e293
  languageName: node
  linkType: hard

"file-type@npm:^20.5.0":
  version: 20.5.0
  resolution: "file-type@npm:20.5.0"
  dependencies:
    "@tokenizer/inflate": "npm:^0.2.6"
    strtok3: "npm:^10.2.0"
    token-types: "npm:^6.0.0"
    uint8array-extras: "npm:^1.4.0"
  checksum: 10c0/9b13d7e4eca79752008f036712a42df78393f05b88b9013c5754b04d3eb90b051cb692836a04acf7d2c696cb9f28077ddf8ebd6830175807f14fddf837d63be3
  languageName: node
  linkType: hard

"filename-reserved-regex@npm:^3.0.0":
  version: 3.0.0
  resolution: "filename-reserved-regex@npm:3.0.0"
  checksum: 10c0/2b1df851a37f84723f9d8daf885ddfadd3dea2a124474db405295962abc1a01d6c9b6b27edec33bad32ef601e1a220f8a34d34f30ca5a911709700e2b517e268
  languageName: node
  linkType: hard

"filenamify@npm:^6.0.0":
  version: 6.0.0
  resolution: "filenamify@npm:6.0.0"
  dependencies:
    filename-reserved-regex: "npm:^3.0.0"
  checksum: 10c0/6798be1f7eea9eddb4517527a890a9d1b97083a6392b0ca392b79034d02d92411830d1b0e29f85ebfcb5cd4f8494388c7f9975fbada9d5f4088fc8474fdf20ae
  languageName: node
  linkType: hard

"find-versions@npm:^5.0.0":
  version: 5.1.0
  resolution: "find-versions@npm:5.1.0"
  dependencies:
    semver-regex: "npm:^4.0.5"
  checksum: 10c0/f1ef79d0850e0bd1eba03def02892d31feccdef75129c14b2a2d1cec563e2c51ad5a01f6a7a2d59ddbf9ecca1014ff8a6353ff2e2885e004f7a81ab1488899d4
  languageName: node
  linkType: hard

"form-data-encoder@npm:^2.1.2":
  version: 2.1.4
  resolution: "form-data-encoder@npm:2.1.4"
  checksum: 10c0/4c06ae2b79ad693a59938dc49ebd020ecb58e4584860a90a230f80a68b026483b022ba5e4143cff06ae5ac8fd446a0b500fabc87bbac3d1f62f2757f8dabcaf7
  languageName: node
  linkType: hard

"get-stream@npm:^6.0.0, get-stream@npm:^6.0.1":
  version: 6.0.1
  resolution: "get-stream@npm:6.0.1"
  checksum: 10c0/49825d57d3fd6964228e6200a58169464b8e8970489b3acdc24906c782fb7f01f9f56f8e6653c4a50713771d6658f7cfe051e5eb8c12e334138c9c918b296341
  languageName: node
  linkType: hard

"got@npm:^13.0.0":
  version: 13.0.0
  resolution: "got@npm:13.0.0"
  dependencies:
    "@sindresorhus/is": "npm:^5.2.0"
    "@szmarczak/http-timer": "npm:^5.0.1"
    cacheable-lookup: "npm:^7.0.0"
    cacheable-request: "npm:^10.2.8"
    decompress-response: "npm:^6.0.0"
    form-data-encoder: "npm:^2.1.2"
    get-stream: "npm:^6.0.1"
    http2-wrapper: "npm:^2.1.10"
    lowercase-keys: "npm:^3.0.0"
    p-cancelable: "npm:^3.0.0"
    responselike: "npm:^3.0.0"
  checksum: 10c0/d6a4648dc46f1f9df2637b8730d4e664349a93cb6df62c66dfbb48f7887ba79742a1cc90739a4eb1c15f790ca838ff641c5cdecdc877993627274aeb0f02b92d
  languageName: node
  linkType: hard

"graceful-fs@npm:^4.2.11":
  version: 4.2.11
  resolution: "graceful-fs@npm:4.2.11"
  checksum: 10c0/386d011a553e02bc594ac2ca0bd6d9e4c22d7fa8cfbfc448a6d148c59ea881b092db9dbe3547ae4b88e55f1b01f7c4a2ecc53b310c042793e63aa44cf6c257f2
  languageName: node
  linkType: hard

"http-cache-semantics@npm:^4.1.1":
  version: 4.2.0
  resolution: "http-cache-semantics@npm:4.2.0"
  checksum: 10c0/45b66a945cf13ec2d1f29432277201313babf4a01d9e52f44b31ca923434083afeca03f18417f599c9ab3d0e7b618ceb21257542338b57c54b710463b4a53e37
  languageName: node
  linkType: hard

"http2-wrapper@npm:^2.1.10":
  version: 2.2.1
  resolution: "http2-wrapper@npm:2.2.1"
  dependencies:
    quick-lru: "npm:^5.1.1"
    resolve-alpn: "npm:^1.2.0"
  checksum: 10c0/7207201d3c6e53e72e510c9b8912e4f3e468d3ecc0cf3bf52682f2aac9cd99358b896d1da4467380adc151cf97c412bedc59dc13dae90c523f42053a7449eedb
  languageName: node
  linkType: hard

"human-signals@npm:^2.1.0":
  version: 2.1.0
  resolution: "human-signals@npm:2.1.0"
  checksum: 10c0/695edb3edfcfe9c8b52a76926cd31b36978782062c0ed9b1192b36bebc75c4c87c82e178dfcb0ed0fc27ca59d434198aac0bd0be18f5781ded775604db22304a
  languageName: node
  linkType: hard

"ieee754@npm:^1.1.13, ieee754@npm:^1.2.1":
  version: 1.2.1
  resolution: "ieee754@npm:1.2.1"
  checksum: 10c0/b0782ef5e0935b9f12883a2e2aa37baa75da6e66ce6515c168697b42160807d9330de9a32ec1ed73149aea02e0d822e572bca6f1e22bdcbd2149e13b050b17bb
  languageName: node
  linkType: hard

"inspect-with-kind@npm:^1.0.5":
  version: 1.0.5
  resolution: "inspect-with-kind@npm:1.0.5"
  dependencies:
    kind-of: "npm:^6.0.2"
  checksum: 10c0/4a7ca641927d24b5f0fabbad48ed940cffa840d6cfa07b6bc475593f6e0679b4d30ec1714de289cb17b10214a36e6bdccc257262a1163e33741425e5d311e8d1
  languageName: node
  linkType: hard

"is-plain-obj@npm:^1.0.0, is-plain-obj@npm:^1.1.0":
  version: 1.1.0
  resolution: "is-plain-obj@npm:1.1.0"
  checksum: 10c0/daaee1805add26f781b413fdf192fc91d52409583be30ace35c82607d440da63cc4cac0ac55136716688d6c0a2c6ef3edb2254fecbd1fe06056d6bd15975ee8c
  languageName: node
  linkType: hard

"is-stream@npm:^2.0.0, is-stream@npm:^2.0.1":
  version: 2.0.1
  resolution: "is-stream@npm:2.0.1"
  checksum: 10c0/7c284241313fc6efc329b8d7f08e16c0efeb6baab1b4cd0ba579eb78e5af1aa5da11e68559896a2067cd6c526bd29241dda4eb1225e627d5aa1a89a76d4635a5
  languageName: node
  linkType: hard

"isexe@npm:^2.0.0":
  version: 2.0.0
  resolution: "isexe@npm:2.0.0"
  checksum: 10c0/228cfa503fadc2c31596ab06ed6aa82c9976eec2bfd83397e7eaf06d0ccf42cd1dfd6743bf9aeb01aebd4156d009994c5f76ea898d2832c1fe342da923ca457d
  languageName: node
  linkType: hard

"json-buffer@npm:3.0.1":
  version: 3.0.1
  resolution: "json-buffer@npm:3.0.1"
  checksum: 10c0/0d1c91569d9588e7eef2b49b59851f297f3ab93c7b35c7c221e288099322be6b562767d11e4821da500f3219542b9afd2e54c5dc573107c1126ed1080f8e96d7
  languageName: node
  linkType: hard

"keyv@npm:^4.5.3":
  version: 4.5.4
  resolution: "keyv@npm:4.5.4"
  dependencies:
    json-buffer: "npm:3.0.1"
  checksum: 10c0/aa52f3c5e18e16bb6324876bb8b59dd02acf782a4b789c7b2ae21107fab95fab3890ed448d4f8dba80ce05391eeac4bfabb4f02a20221342982f806fa2cf271e
  languageName: node
  linkType: hard

"kind-of@npm:^6.0.2":
  version: 6.0.3
  resolution: "kind-of@npm:6.0.3"
  checksum: 10c0/61cdff9623dabf3568b6445e93e31376bee1cdb93f8ba7033d86022c2a9b1791a1d9510e026e6465ebd701a6dd2f7b0808483ad8838341ac52f003f512e0b4c4
  languageName: node
  linkType: hard

"lowercase-keys@npm:^3.0.0":
  version: 3.0.0
  resolution: "lowercase-keys@npm:3.0.0"
  checksum: 10c0/ef62b9fa5690ab0a6e4ef40c94efce68e3ed124f583cc3be38b26ff871da0178a28b9a84ce0c209653bb25ca135520ab87fea7cd411a54ac4899cb2f30501430
  languageName: node
  linkType: hard

"merge-stream@npm:^2.0.0":
  version: 2.0.0
  resolution: "merge-stream@npm:2.0.0"
  checksum: 10c0/867fdbb30a6d58b011449b8885601ec1690c3e41c759ecd5a9d609094f7aed0096c37823ff4a7190ef0b8f22cc86beb7049196ff68c016e3b3c671d0dac91ce5
  languageName: node
  linkType: hard

"mime-db@npm:^1.28.0":
  version: 1.54.0
  resolution: "mime-db@npm:1.54.0"
  checksum: 10c0/8d907917bc2a90fa2df842cdf5dfeaf509adc15fe0531e07bb2f6ab15992416479015828d6a74200041c492e42cce3ebf78e5ce714388a0a538ea9c53eece284
  languageName: node
  linkType: hard

"mimic-fn@npm:^2.1.0":
  version: 2.1.0
  resolution: "mimic-fn@npm:2.1.0"
  checksum: 10c0/b26f5479d7ec6cc2bce275a08f146cf78f5e7b661b18114e2506dd91ec7ec47e7a25bf4360e5438094db0560bcc868079fb3b1fb3892b833c1ecbf63f80c95a4
  languageName: node
  linkType: hard

"mimic-response@npm:^3.1.0":
  version: 3.1.0
  resolution: "mimic-response@npm:3.1.0"
  checksum: 10c0/0d6f07ce6e03e9e4445bee655202153bdb8a98d67ee8dc965ac140900d7a2688343e6b4c9a72cfc9ef2f7944dfd76eef4ab2482eb7b293a68b84916bac735362
  languageName: node
  linkType: hard

"mimic-response@npm:^4.0.0":
  version: 4.0.0
  resolution: "mimic-response@npm:4.0.0"
  checksum: 10c0/761d788d2668ae9292c489605ffd4fad220f442fbae6832adce5ebad086d691e906a6d5240c290293c7a11e99fbdbbef04abbbed498bf8699a4ee0f31315e3fb
  languageName: node
  linkType: hard

"minimatch@npm:^9.0.3":
  version: 9.0.5
  resolution: "minimatch@npm:9.0.5"
  dependencies:
    brace-expansion: "npm:^2.0.1"
  checksum: 10c0/de96cf5e35bdf0eab3e2c853522f98ffbe9a36c37797778d2665231ec1f20a9447a7e567cb640901f89e4daaa95ae5d70c65a9e8aa2bb0019b6facbc3c0575ed
  languageName: node
  linkType: hard

"ms@npm:^2.1.3":
  version: 2.1.3
  resolution: "ms@npm:2.1.3"
  checksum: 10c0/d924b57e7312b3b63ad21fc5b3dc0af5e78d61a1fc7cfb5457edaf26326bf62be5307cc87ffb6862ef1c2b33b0233cdb5d4f01c4c958cc0d660948b65a287a48
  languageName: node
  linkType: hard

"normalize-url@npm:^8.0.0":
  version: 8.1.0
  resolution: "normalize-url@npm:8.1.0"
  checksum: 10c0/e9b68db5f0264ce74fc083e2120b4a40fb3248e5dceec5f795bddcee0311b3613f858c9a65f258614fac2776b8e9957023bea8fe7299db1496b3cd1c75976cfe
  languageName: node
  linkType: hard

"npm-run-path@npm:^4.0.1":
  version: 4.0.1
  resolution: "npm-run-path@npm:4.0.1"
  dependencies:
    path-key: "npm:^3.0.0"
  checksum: 10c0/6f9353a95288f8455cf64cbeb707b28826a7f29690244c1e4bb61ec573256e021b6ad6651b394eb1ccfd00d6ec50147253aba2c5fe58a57ceb111fad62c519ac
  languageName: node
  linkType: hard

"onetime@npm:^5.1.2":
  version: 5.1.2
  resolution: "onetime@npm:5.1.2"
  dependencies:
    mimic-fn: "npm:^2.1.0"
  checksum: 10c0/ffcef6fbb2692c3c40749f31ea2e22677a876daea92959b8a80b521d95cca7a668c884d8b2045d1d8ee7d56796aa405c405462af112a1477594cc63531baeb8f
  languageName: node
  linkType: hard

"p-cancelable@npm:^3.0.0":
  version: 3.0.0
  resolution: "p-cancelable@npm:3.0.0"
  checksum: 10c0/948fd4f8e87b956d9afc2c6c7392de9113dac817cb1cecf4143f7a3d4c57ab5673614a80be3aba91ceec5e4b69fd8c869852d7e8048bc3d9273c4c36ce14b9aa
  languageName: node
  linkType: hard

"path-key@npm:^3.0.0, path-key@npm:^3.1.0":
  version: 3.1.1
  resolution: "path-key@npm:3.1.1"
  checksum: 10c0/748c43efd5a569c039d7a00a03b58eecd1d75f3999f5a28303d75f521288df4823bc057d8784eb72358b2895a05f29a070bc9f1f17d28226cc4e62494cc58c4c
  languageName: node
  linkType: hard

"pend@npm:~1.2.0":
  version: 1.2.0
  resolution: "pend@npm:1.2.0"
  checksum: 10c0/8a87e63f7a4afcfb0f9f77b39bb92374afc723418b9cb716ee4257689224171002e07768eeade4ecd0e86f1fa3d8f022994219fb45634f2dbd78c6803e452458
  languageName: node
  linkType: hard

"picomatch@npm:^4.0.3":
  version: 4.0.3
  resolution: "picomatch@npm:4.0.3"
  checksum: 10c0/9582c951e95eebee5434f59e426cddd228a7b97a0161a375aed4be244bd3fe8e3a31b846808ea14ef2c8a2527a6eeab7b3946a67d5979e81694654f939473ae2
  languageName: node
  linkType: hard

"piscina@npm:^4.3.1":
  version: 4.9.2
  resolution: "piscina@npm:4.9.2"
  dependencies:
    "@napi-rs/nice": "npm:^1.0.1"
  dependenciesMeta:
    "@napi-rs/nice":
      optional: true
  checksum: 10c0/ab67830065ff41523cd901db41b11045cb00a0be43bf79323ff7b4ef2fbce5e3a56ad440d99d6c3944ce94451a0a69fd175500e3220b21efe54142e601322189
  languageName: node
  linkType: hard

"quick-lru@npm:^5.1.1":
  version: 5.1.1
  resolution: "quick-lru@npm:5.1.1"
  checksum: 10c0/a24cba5da8cec30d70d2484be37622580f64765fb6390a928b17f60cd69e8dbd32a954b3ff9176fa1b86d86ff2ba05252fae55dc4d40d0291c60412b0ad096da
  languageName: node
  linkType: hard

"resolve-alpn@npm:^1.2.0":
  version: 1.2.1
  resolution: "resolve-alpn@npm:1.2.1"
  checksum: 10c0/b70b29c1843bc39781ef946c8cd4482e6d425976599c0f9c138cec8209e4e0736161bf39319b01676a847000085dfdaf63583c6fb4427bf751a10635bd2aa0c4
  languageName: node
  linkType: hard

"responselike@npm:^3.0.0":
  version: 3.0.0
  resolution: "responselike@npm:3.0.0"
  dependencies:
    lowercase-keys: "npm:^3.0.0"
  checksum: 10c0/8af27153f7e47aa2c07a5f2d538cb1e5872995f0e9ff77def858ecce5c3fe677d42b824a62cde502e56d275ab832b0a8bd350d5cd6b467ac0425214ac12ae658
  languageName: node
  linkType: hard

"safe-buffer@npm:5.2.1":
  version: 5.2.1
  resolution: "safe-buffer@npm:5.2.1"
  checksum: 10c0/6501914237c0a86e9675d4e51d89ca3c21ffd6a31642efeba25ad65720bce6921c9e7e974e5be91a786b25aa058b5303285d3c15dbabf983a919f5f630d349f3
  languageName: node
  linkType: hard

"seek-bzip@npm:^2.0.0":
  version: 2.0.0
  resolution: "seek-bzip@npm:2.0.0"
  dependencies:
    commander: "npm:^6.0.0"
  bin:
    seek-bunzip: bin/seek-bunzip
    seek-table: bin/seek-bzip-table
  checksum: 10c0/bca70b60aed2aa333b3c4f1f46a1306d3edc68aa6ac0e700c32fe40428bc9bdb8d38d7eacbf4bc276a062da25c761dccb926a91e8a02086e9897779626e9171d
  languageName: node
  linkType: hard

"semver-regex@npm:^4.0.5":
  version: 4.0.5
  resolution: "semver-regex@npm:4.0.5"
  checksum: 10c0/c270eda133691dfaab90318df995e96222e4c26c47b17f7c8bd5e5fe88b81ed67b59695fe27546e0314b0f0423c7faed1f93379ad9db47c816df2ddf770918ff
  languageName: node
  linkType: hard

"semver-truncate@npm:^3.0.0":
  version: 3.0.0
  resolution: "semver-truncate@npm:3.0.0"
  dependencies:
    semver: "npm:^7.3.5"
  checksum: 10c0/faede4e69e81590ee6b4141f5e89ae1162cd0ecafe660f0ae72bca45f16677a01a3bc26283201b695cec8409e1e861b8b2b10b0621c1661983e7ab10736caeee
  languageName: node
  linkType: hard

"semver@npm:^7.3.5, semver@npm:^7.3.8, semver@npm:^7.5.3":
  version: 7.7.3
  resolution: "semver@npm:7.7.3"
  bin:
    semver: bin/semver.js
  checksum: 10c0/4afe5c986567db82f44c8c6faef8fe9df2a9b1d98098fc1721f57c696c4c21cebd572f297fc21002f81889492345b8470473bc6f4aff5fb032a6ea59ea2bc45e
  languageName: node
  linkType: hard

"shebang-command@npm:^2.0.0":
  version: 2.0.0
  resolution: "shebang-command@npm:2.0.0"
  dependencies:
    shebang-regex: "npm:^3.0.0"
  checksum: 10c0/a41692e7d89a553ef21d324a5cceb5f686d1f3c040759c50aab69688634688c5c327f26f3ecf7001ebfd78c01f3c7c0a11a7c8bfd0a8bc9f6240d4f40b224e4e
  languageName: node
  linkType: hard

"shebang-regex@npm:^3.0.0":
  version: 3.0.0
  resolution: "shebang-regex@npm:3.0.0"
  checksum: 10c0/1dbed0726dd0e1152a92696c76c7f06084eb32a90f0528d11acd764043aacf76994b2fb30aa1291a21bd019d6699164d048286309a278855ee7bec06cf6fb690
  languageName: node
  linkType: hard

"signal-exit@npm:^3.0.3":
  version: 3.0.7
  resolution: "signal-exit@npm:3.0.7"
  checksum: 10c0/25d272fa73e146048565e08f3309d5b942c1979a6f4a58a8c59d5fa299728e9c2fcd1a759ec870863b1fd38653670240cd420dad2ad9330c71f36608a6a1c912
  languageName: node
  linkType: hard

"slash@npm:3.0.0":
  version: 3.0.0
  resolution: "slash@npm:3.0.0"
  checksum: 10c0/e18488c6a42bdfd4ac5be85b2ced3ccd0224773baae6ad42cfbb9ec74fc07f9fa8396bd35ee638084ead7a2a0818eb5e7151111544d4731ce843019dab4be47b
  languageName: node
  linkType: hard

"solip@workspace:.":
  version: 0.0.0-use.local
  resolution: "solip@workspace:."
  dependencies:
    "@swc/cli": "npm:^0.7.8"
    "@swc/core": "npm:^1.13.5"
    typescript: "npm:^5.9.3"
  languageName: unknown
  linkType: soft

"sort-keys-length@npm:^1.0.0":
  version: 1.0.1
  resolution: "sort-keys-length@npm:1.0.1"
  dependencies:
    sort-keys: "npm:^1.0.0"
  checksum: 10c0/4567d08aa859c7e48b7e2cba14a8ae09a100f6a3bd7cf5d21dccd808d6332c945b9a7e2230a95c16e0e6eac1a943cd050ae51a5d1b4c8ec4b1e89a5801be9aa2
  languageName: node
  linkType: hard

"sort-keys@npm:^1.0.0":
  version: 1.1.2
  resolution: "sort-keys@npm:1.1.2"
  dependencies:
    is-plain-obj: "npm:^1.0.0"
  checksum: 10c0/5dd383b0299a40277051f7498c3999520138e2eb50d422962f658738341c9e82349fad4a3024d5ba1a3122688fbaf958f2a472d4c53bade55515097c2ce15420
  languageName: node
  linkType: hard

"source-map@npm:^0.7.3":
  version: 0.7.6
  resolution: "source-map@npm:0.7.6"
  checksum: 10c0/59f6f05538539b274ba771d2e9e32f6c65451982510564438e048bc1352f019c6efcdc6dd07909b1968144941c14015c2c7d4369fb7c4d7d53ae769716dcc16c
  languageName: node
  linkType: hard

"streamx@npm:^2.15.0":
  version: 2.23.0
  resolution: "streamx@npm:2.23.0"
  dependencies:
    events-universal: "npm:^1.0.0"
    fast-fifo: "npm:^1.3.2"
    text-decoder: "npm:^1.1.0"
  checksum: 10c0/15708ce37818d588632fe1104e8febde573e33e8c0868bf583fce0703f3faf8d2a063c278e30df2270206811b69997f64eb78792099933a1fe757e786fbcbd44
  languageName: node
  linkType: hard

"strip-dirs@npm:^3.0.0":
  version: 3.0.0
  resolution: "strip-dirs@npm:3.0.0"
  dependencies:
    inspect-with-kind: "npm:^1.0.5"
    is-plain-obj: "npm:^1.1.0"
  checksum: 10c0/136cc8f3543f8785c5c59dc270d98106fb6625142e34304ea66a118338e5d5051681d650484a6737bee9bcfafd259fa5c044f4dda0f3bb5a5ffebf4e77effa11
  languageName: node
  linkType: hard

"strip-final-newline@npm:^2.0.0":
  version: 2.0.0
  resolution: "strip-final-newline@npm:2.0.0"
  checksum: 10c0/bddf8ccd47acd85c0e09ad7375409d81653f645fda13227a9d459642277c253d877b68f2e5e4d819fe75733b0e626bac7e954c04f3236f6d196f79c94fa4a96f
  languageName: node
  linkType: hard

"strtok3@npm:^10.2.0":
  version: 10.3.4
  resolution: "strtok3@npm:10.3.4"
  dependencies:
    "@tokenizer/token": "npm:^0.3.0"
  checksum: 10c0/277ab69e417f4545e364ffaf9d560c991f531045dbace32d77b5c822cccd76a608b782785a2c60595274288d4d32dced184a5c21dc20348791da697127dc69a8
  languageName: node
  linkType: hard

"tar-stream@npm:^3.1.7":
  version: 3.1.7
  resolution: "tar-stream@npm:3.1.7"
  dependencies:
    b4a: "npm:^1.6.4"
    fast-fifo: "npm:^1.2.0"
    streamx: "npm:^2.15.0"
  checksum: 10c0/a09199d21f8714bd729993ac49b6c8efcb808b544b89f23378ad6ffff6d1cb540878614ba9d4cfec11a64ef39e1a6f009a5398371491eb1fda606ffc7f70f718
  languageName: node
  linkType: hard

"text-decoder@npm:^1.1.0":
  version: 1.2.3
  resolution: "text-decoder@npm:1.2.3"
  dependencies:
    b4a: "npm:^1.6.4"
  checksum: 10c0/569d776b9250158681c83656ef2c3e0a5d5c660c27ca69f87eedef921749a4fbf02095e5f9a0f862a25cf35258379b06e31dee9c125c9f72e273b7ca1a6d1977
  languageName: node
  linkType: hard

"through@npm:^2.3.8":
  version: 2.3.8
  resolution: "through@npm:2.3.8"
  checksum: 10c0/4b09f3774099de0d4df26d95c5821a62faee32c7e96fb1f4ebd54a2d7c11c57fe88b0a0d49cf375de5fee5ae6bf4eb56dbbf29d07366864e2ee805349970d3cc
  languageName: node
  linkType: hard

"tinyglobby@npm:^0.2.13":
  version: 0.2.15
  resolution: "tinyglobby@npm:0.2.15"
  dependencies:
    fdir: "npm:^6.5.0"
    picomatch: "npm:^4.0.3"
  checksum: 10c0/869c31490d0d88eedb8305d178d4c75e7463e820df5a9b9d388291daf93e8b1eb5de1dad1c1e139767e4269fe75f3b10d5009b2cc14db96ff98986920a186844
  languageName: node
  linkType: hard

"token-types@npm:^6.0.0":
  version: 6.1.1
  resolution: "token-types@npm:6.1.1"
  dependencies:
    "@borewit/text-codec": "npm:^0.1.0"
    "@tokenizer/token": "npm:^0.3.0"
    ieee754: "npm:^1.2.1"
  checksum: 10c0/e2405e7789d41693a09c478b53c47ffadd735a5f4c826d9885787d022ab10e26cc4a67b03593285748bf3b0c0237e0ea2ab268abcb953ea314727201d0f6504d
  languageName: node
  linkType: hard

"typescript@npm:^5.9.3":
  version: 5.9.3
  resolution: "typescript@npm:5.9.3"
  bin:
    tsc: bin/tsc
    tsserver: bin/tsserver
  checksum: 10c0/6bd7552ce39f97e711db5aa048f6f9995b53f1c52f7d8667c1abdc1700c68a76a308f579cd309ce6b53646deb4e9a1be7c813a93baaf0a28ccd536a30270e1c5
  languageName: node
  linkType: hard

"typescript@patch:typescript@npm%3A^5.9.3#optional!builtin<compat/typescript>":
  version: 5.9.3
  resolution: "typescript@patch:typescript@npm%3A5.9.3#optional!builtin<compat/typescript>::version=5.9.3&hash=5786d5"
  bin:
    tsc: bin/tsc
    tsserver: bin/tsserver
  checksum: 10c0/ad09fdf7a756814dce65bc60c1657b40d44451346858eea230e10f2e95a289d9183b6e32e5c11e95acc0ccc214b4f36289dcad4bf1886b0adb84d711d336a430
  languageName: node
  linkType: hard

"uint8array-extras@npm:^1.4.0":
  version: 1.5.0
  resolution: "uint8array-extras@npm:1.5.0"
  checksum: 10c0/0e74641ac7dadb02eadefc1ccdadba6010e007757bda824960de3c72bbe2b04e6d3af75648441f412148c4103261d54fcb60be45a2863beb76643a55fddba3bd
  languageName: node
  linkType: hard

"unbzip2-stream@npm:^1.4.3":
  version: 1.4.3
  resolution: "unbzip2-stream@npm:1.4.3"
  dependencies:
    buffer: "npm:^5.2.1"
    through: "npm:^2.3.8"
  checksum: 10c0/2ea2048f3c9db3499316ccc1d95ff757017ccb6f46c812d7c42466247e3b863fb178864267482f7f178254214247779daf68e85f50bd7736c3c97ba2d58b910a
  languageName: node
  linkType: hard

"which@npm:^2.0.1":
  version: 2.0.2
  resolution: "which@npm:2.0.2"
  dependencies:
    isexe: "npm:^2.0.0"
  bin:
    node-which: ./bin/node-which
  checksum: 10c0/66522872a768b60c2a65a57e8ad184e5372f5b6a9ca6d5f033d4b0dc98aff63995655a7503b9c0a2598936f532120e81dd8cc155e2e92ed662a2b9377cc4374f
  languageName: node
  linkType: hard

"yauzl@npm:^3.1.2":
  version: 3.2.0
  resolution: "yauzl@npm:3.2.0"
  dependencies:
    buffer-crc32: "npm:~0.2.3"
    pend: "npm:~1.2.0"
  checksum: 10c0/7b40b3dc46b95761a2a764391d257a11f494d365875af73a1b48fe16d4bd103dd178612e60168d12a0e59a8ba4f6411a15a5e8871d5a5f78255d6cc1ce39ee62
  languageName: node
  linkType: hard
